# This file is automatically @generated by Cargo.
# It is not intended for manual editing.
version = 4

[[package]]
name = "tsnative-cli"
version = "0.1.0"
dependencies = [
 "tsnative-codegen",
 "tsnative-driver",
 "tsnative-hir",
 "tsnative-mir",
 "tsnative-syntax",
 "tsnative-typecheck",
]

[[package]]
name = "tsnative-codegen"
version = "0.1.0"
dependencies = [
 "tsnative-hir",
 "tsnative-mir",
 "tsnative-syntax",
 "tsnative-typecheck",
]

[[package]]
name = "tsnative-driver"
version = "0.1.0"

[[package]]
name = "tsnative-hir"
version = "0.1.0"
dependencies = [
 "tsnative-syntax",
]

[[package]]
name = "tsnative-mir"
version = "0.1.0"
dependencies = [
 "tsnative-hir",
 "tsnative-syntax",
 "tsnative-typecheck",
]

[[package]]
name = "tsnative-syntax"
version = "0.1.0"

[[package]]
name = "tsnative-typecheck"
version = "0.1.0"
dependencies = [
 "tsnative-hir",
 "tsnative-syntax",
]
